
Microsoft Visual Studio Solution File, Format Version 12.00
# Visual Studio Version 16
VisualStudioVersion = 16.0.29519.181
MinimumVisualStudioVersion = 10.0.40219.1
Project("{FAE04EC0-301F-11D3-BF4B-00C04F79EFBC}") = "SportskiCentar", "SportskiCentar\SportskiCentar.csproj", "{4B712F15-DF6F-4E34-BB61-FB2531B2F357}"
EndProject
Global
	GlobalSection(SolutionConfigurationPlatforms) = preSolution
		Debug|Any CPU = Debug|Any CPU
		Release|Any CPU = Release|Any CPU
	EndGlobalSection
	GlobalSection(ProjectConfigurationPlatforms) = postSolution
		{4B712F15-DF6F-4E34-BB61-FB2531B2F357}.Debug|Any CPU.ActiveCfg = Debug|Any CPU
		{4B712F15-DF6F-4E34-BB61-FB2531B2F357}.Debug|Any CPU.Build.0 = Debug|Any CPU
		{4B712F15-DF6F-4E34-BB61-FB2531B2F357}.Release|Any CPU.ActiveCfg = Release|Any CPU
		{4B712F15-DF6F-4E34-BB61-FB2531B2F357}.Release|Any CPU.Build.0 = Release|Any CPU
	EndGlobalSection
	GlobalSection(SolutionProperties) = preSolution
		HideSolutionNode = FALSE
	EndGlobalSection
	GlobalSection(ExtensibilityGlobals) = postSolution
		SolutionGuid = {1AC59F76-8986-4CDC-9F0D-8BD5B0F8406C}
	EndGlobalSection
EndGlobal
